<?xml version="1.0" encoding="utf-8"?>
<Project ToolsVersion="4.0" xmlns="http://schemas.microsoft.com/developer/msbuild/2003">
  <ItemGroup>
    <ClCompile Include="src\components\AttackComponent.cpp" />
    <ClCompile Include="src\components\BulletComponent.cpp" />
    <ClCompile Include="src\components\BulletTower.cpp" />
    <ClCompile Include="src\components\ButtonComponent.cpp" />
    <ClCompile Include="src\components\CrystalTower.cpp" />
    <ClCompile Include="src\components\DiegoSniperTower.cpp" />
    <ClCompile Include="src\components\DirtTower.cpp" />
    <ClCompile Include="src\components\DragAndDrop.cpp" />
    <ClCompile Include="src\components\EnhancerTower.cpp" />
    <ClCompile Include="src\components\FireComponent.cpp" />
    <ClCompile Include="src\components\FramedImage.cpp" />
    <ClCompile Include="src\components\HealthComponent.cpp" />
    <ClCompile Include="src\components\MovementComponent.cpp" />
    <ClCompile Include="src\components\NexusComponent.cpp" />
    <ClCompile Include="src\components\PhoenixTower.cpp" />
    <ClCompile Include="src\components\RouteComponent.cpp" />
    <ClCompile Include="src\components\Transform.cpp" />
    <ClCompile Include="src\components\UpgradeTowerComponent.cpp" />
    <ClCompile Include="src\ecs\Manager.cpp" />
    <ClCompile Include="src\gameStates\GameOverState.cpp" />
    <ClCompile Include="src\gameStates\LevelSelectorState.cpp" />
    <ClCompile Include="src\gameStates\MainMenuState.cpp" />
    <ClCompile Include="src\gameStates\PauseState.cpp" />
    <ClCompile Include="src\gameStates\PlayState.cpp" />
    <ClCompile Include="src\game\Game.cpp" />
    <ClCompile Include="src\game\GameState.cpp" />
    <ClCompile Include="src\game\GameStateMachine.cpp" />
    <ClCompile Include="src\json\JSON.cpp" />
    <ClCompile Include="src\json\JSONValue.cpp" />
    <ClCompile Include="src\json\json_demo.cpp" />
    <ClCompile Include="src\main.cpp" />
    <ClCompile Include="src\sdlutils\SDLUtils.cpp" />
    <ClCompile Include="src\sdlutils\sdlutils_demo.cpp" />
    <ClCompile Include="src\sdlutils\SoundEffect.cpp" />
    <ClCompile Include="src\sdlutils\Texture.cpp" />
    <ClCompile Include="src\systems\ButtonSystem.cpp" />
    <ClCompile Include="src\systems\EnemyBookSystem.cpp" />
    <ClCompile Include="src\systems\EnemySystem.cpp" />
    <ClCompile Include="src\systems\HUDSystem.cpp" />
    <ClCompile Include="src\systems\LevelSelectorSystem.cpp" />
    <ClCompile Include="src\systems\MainControlSystem.cpp" />
    <ClCompile Include="src\systems\MainMenuSystem.cpp" />
    <ClCompile Include="src\systems\mapSystem.cpp" />
    <ClCompile Include="src\systems\RenderSystem.cpp" />
    <ClCompile Include="src\systems\TowerSystem.cpp" />
    <ClCompile Include="src\utils\Collisions.cpp" />
    <ClCompile Include="src\utils\NetMap.cpp" />
    <ClCompile Include="src\utils\Vector2D.cpp" />
    <ClCompile Include="EnemyBookState.cpp" />
  </ItemGroup>
  <ItemGroup>
    <ClInclude Include="src\json\JSONValue.h">
      <Filter>Header Files\json</Filter>
    </ClInclude>
    <ClInclude Include="src\json\json_demo.h">
      <Filter>Header Files\json</Filter>
    </ClInclude>
    <ClInclude Include="src\json\JSON.h">
      <Filter>Header Files\json</Filter>
    </ClInclude>
    <ClInclude Include="src\utils\Collisions.h">
      <Filter>Header Files\utils</Filter>
    </ClInclude>
    <ClInclude Include="src\utils\mpl.h">
      <Filter>Header Files\utils</Filter>
    </ClInclude>
    <ClInclude Include="src\utils\Singleton.h">
      <Filter>Header Files\utils</Filter>
    </ClInclude>
    <ClInclude Include="src\utils\Vector2D.h">
      <Filter>Header Files\utils</Filter>
    </ClInclude>
    <ClInclude Include="src\sdlutils\Font.h">
      <Filter>Header Files\sdlutil</Filter>
    </ClInclude>
    <ClInclude Include="src\sdlutils\InputHandler.h">
      <Filter>Header Files\sdlutil</Filter>
    </ClInclude>
    <ClInclude Include="src\sdlutils\macros.h">
      <Filter>Header Files\sdlutil</Filter>
    </ClInclude>
    <ClInclude Include="src\sdlutils\Music.h">
      <Filter>Header Files\sdlutil</Filter>
    </ClInclude>
    <ClInclude Include="src\sdlutils\RandomNumberGenerator.h">
      <Filter>Header Files\sdlutil</Filter>
    </ClInclude>
    <ClInclude Include="src\sdlutils\SDLUtils.h">
      <Filter>Header Files\sdlutil</Filter>
    </ClInclude>
    <ClInclude Include="src\sdlutils\sdlutils_demo.h">
      <Filter>Header Files\sdlutil</Filter>
    </ClInclude>
    <ClInclude Include="src\sdlutils\SoundEffect.h">
      <Filter>Header Files\sdlutil</Filter>
    </ClInclude>
    <ClInclude Include="src\sdlutils\Texture.h">
      <Filter>Header Files\sdlutil</Filter>
    </ClInclude>
    <ClInclude Include="src\sdlutils\VirtualTimer.h">
      <Filter>Header Files\sdlutil</Filter>
    </ClInclude>
    <ClInclude Include="src\sdlutils\SDLNetUtils.h">
      <Filter>Header Files\sdlutil</Filter>
    </ClInclude>
    <ClInclude Include="src\ecs\Component.h">
      <Filter>Header Files\ecs</Filter>
    </ClInclude>
    <ClInclude Include="src\ecs\ecs.h">
      <Filter>Header Files\ecs</Filter>
    </ClInclude>
    <ClInclude Include="src\ecs\Entity.h">
      <Filter>Header Files\ecs</Filter>
    </ClInclude>
    <ClInclude Include="src\ecs\System.h">
      <Filter>Header Files\ecs</Filter>
    </ClInclude>
    <ClInclude Include="src\game\Game.h">
      <Filter>Header Files\Game</Filter>
    </ClInclude>
    <ClInclude Include="src\game\GameState.h">
      <Filter>Header Files\Game</Filter>
    </ClInclude>
    <ClInclude Include="src\game\GameStateMachine.h">
      <Filter>Header Files\Game</Filter>
    </ClInclude>
    <ClInclude Include="src\ecs\Manager.h">
      <Filter>Header Files\ecs</Filter>
    </ClInclude>
    <ClInclude Include="src\components\FramedImage.h">
      <Filter>Header Files\components</Filter>
    </ClInclude>
    <ClInclude Include="src\components\HealthComponent.h">
      <Filter>Header Files\components</Filter>
    </ClInclude>
    <ClInclude Include="src\components\MovementComponent.h">
      <Filter>Header Files\components</Filter>
    </ClInclude>
    <ClInclude Include="src\components\Transform.h">
      <Filter>Header Files\components</Filter>
    </ClInclude>
    <ClInclude Include="src\components\RouteComponent.h">
      <Filter>Header Files\components</Filter>
    </ClInclude>
    <ClInclude Include="src\systems\mapSystem.h">
      <Filter>Header Files\systems</Filter>
    </ClInclude>
    <ClInclude Include="src\systems\RenderSystem.h">
      <Filter>Header Files\systems</Filter>
    </ClInclude>
    <ClInclude Include="src\components\RenderComponent.h">
      <Filter>Header Files\components</Filter>
    </ClInclude>
    <ClInclude Include="src\components\AttackComponent.h">
      <Filter>Header Files\components</Filter>
    </ClInclude>
    <ClInclude Include="src\components\BulletComponent.h">
      <Filter>Header Files\components</Filter>
    </ClInclude>
    <ClInclude Include="src\components\BulletTower.h">
      <Filter>Header Files\components</Filter>
    </ClInclude>
    <ClInclude Include="src\components\DragAndDrop.h">
      <Filter>Header Files\components</Filter>
    </ClInclude>
    <ClInclude Include="src\systems\TowerSystem.h">
      <Filter>Header Files\systems</Filter>
    </ClInclude>
    <ClInclude Include="src\components\DirtTower.h">
      <Filter>Header Files\components</Filter>
    </ClInclude>
    <ClInclude Include="src\components\UpgradeTowerComponent.h">
      <Filter>Header Files\components</Filter>
    </ClInclude>
    <ClInclude Include="src\systems\HUDSystem.h">
      <Filter>Header Files\systems</Filter>
    </ClInclude>
    <ClInclude Include="src\systems\MainControlSystem.h">
      <Filter>Header Files\systems</Filter>
    </ClInclude>
    <ClInclude Include="src\systems\MainMenuSystem.h">
      <Filter>Header Files\systems</Filter>
    </ClInclude>
    <ClInclude Include="src\components\EnhancerTower.h">
      <Filter>Header Files\components</Filter>
    </ClInclude>
    <ClInclude Include="src\components\ButtonComponent.h">
      <Filter>Header Files\components</Filter>
    </ClInclude>
    <ClInclude Include="src\components\NexusComponent.h">
      <Filter>Header Files\components</Filter>
    </ClInclude>
    <ClInclude Include="src\components\CrystalTower.h">
      <Filter>Header Files\components</Filter>
    </ClInclude>
    <ClInclude Include="src\components\DiegoSniperTower.h">
      <Filter>Header Files\components</Filter>
    </ClInclude>
    <ClInclude Include="src\gameStates\PauseState.h">
      <Filter>Header Files\gameStates</Filter>
    </ClInclude>
    <ClInclude Include="src\gameStates\PlayState.h">
      <Filter>Header Files\gameStates</Filter>
    </ClInclude>
    <ClInclude Include="src\gameStates\MainMenuState.h">
      <Filter>Header Files\gameStates</Filter>
    </ClInclude>
    <ClInclude Include="src\gameStates\LevelSelectorState.h">
      <Filter>Header Files\gameStates</Filter>
    </ClInclude>
    <ClInclude Include="src\gameStates\GameOverState.h">
      <Filter>Header Files\gameStates</Filter>
    </ClInclude>
    <ClInclude Include="src\systems\LevelSelectorSystem.h">
      <Filter>Header Files\systems</Filter>
    </ClInclude>
    <ClInclude Include="src\systems\EnemySystem.h">
      <Filter>Header Files\systems</Filter>
    </ClInclude>
    <ClInclude Include="src\components\PhoenixTower.h">
      <Filter>Header Files\components</Filter>
    </ClInclude>
    <ClInclude Include="src\utils\NetMap.h">
      <Filter>Header Files\utils</Filter>
    </ClInclude>
    <ClInclude Include="src\components\FireComponent.h">
      <Filter>Header Files\components</Filter>
    </ClInclude>
    <ClInclude Include="src\components\SlimeTowerComponent.h">
      <Filter>Header Files\components</Filter>
    </ClInclude>
    <ClInclude Include="src\systems\CollisionSystem.h">
      <Filter>Header Files\systems</Filter>
    </ClInclude>
    <ClInclude Include="src\components\SlimeBullet.h">
      <Filter>Header Files</Filter>
    </ClInclude>
    <ClInclude Include="src\components\BlindComponent.h">
      <Filter>Header Files</Filter>
    </ClInclude>
    <ClInclude Include="src\components\TowerStates.h">
      <Filter>Header Files\components</Filter>
    </ClInclude>
    <ClInclude Include="src\components\MaestroAlmasComponent.h">
      <Filter>Header Files\components</Filter>
    </ClInclude>
    <ClInclude Include="src\components\GolemComponent.h">
      <Filter>Header Files\components</Filter>
    </ClInclude>
    <ClInclude Include="C:\hlocal\NineandoCorp\NineandoCorp\ProyectoH\src\components\MensajeroMuerteComponent.h">
      <Filter>Header Files</Filter>
    </ClInclude>
  </ItemGroup>
  <ItemGroup>
    <ClCompile Include="src\json\JSONValue.cpp">
      <Filter>Source Files\json</Filter>
    </ClCompile>
    <ClCompile Include="src\json\json_demo.cpp">
      <Filter>Source Files\json</Filter>
    </ClCompile>
    <ClCompile Include="src\json\JSON.cpp">
      <Filter>Source Files\json</Filter>
    </ClCompile>
    <ClCompile Include="src\utils\Collisions.cpp">
      <Filter>Source Files\utils</Filter>
    </ClCompile>
    <ClCompile Include="src\utils\Vector2D.cpp">
      <Filter>Source Files\utils</Filter>
    </ClCompile>
    <ClCompile Include="src\sdlutils\SDLUtils.cpp">
      <Filter>Source Files\sdlutil</Filter>
    </ClCompile>
    <ClCompile Include="src\sdlutils\sdlutils_demo.cpp">
      <Filter>Source Files\sdlutil</Filter>
    </ClCompile>
    <ClCompile Include="src\sdlutils\SoundEffect.cpp">
      <Filter>Source Files\sdlutil</Filter>
    </ClCompile>
    <ClCompile Include="src\sdlutils\Texture.cpp">
      <Filter>Source Files\sdlutil</Filter>
    </ClCompile>
    <ClCompile Include="src\main.cpp">
      <Filter>Source Files</Filter>
    </ClCompile>
    <ClCompile Include="src\game\Game.cpp">
      <Filter>Source Files\Game</Filter>
    </ClCompile>
    <ClCompile Include="src\game\GameStateMachine.cpp">
      <Filter>Source Files\Game</Filter>
    </ClCompile>
    <ClCompile Include="src\ecs\Manager.cpp">
      <Filter>Source Files\ecs</Filter>
    </ClCompile>
    <ClCompile Include="src\components\Transform.cpp">
      <Filter>Source Files\components</Filter>
    </ClCompile>
    <ClCompile Include="src\components\FramedImage.cpp">
      <Filter>Source Files\components</Filter>
    </ClCompile>
    <ClCompile Include="src\components\HealthComponent.cpp">
      <Filter>Source Files\components</Filter>
    </ClCompile>
    <ClCompile Include="src\components\MovementComponent.cpp">
      <Filter>Source Files\components</Filter>
    </ClCompile>
    <ClCompile Include="src\components\RouteComponent.cpp">
      <Filter>Source Files\components</Filter>
    </ClCompile>
    <ClCompile Include="src\systems\mapSystem.cpp">
      <Filter>Source Files\systems</Filter>
    </ClCompile>
    <ClCompile Include="src\systems\RenderSystem.cpp">
      <Filter>Source Files\systems</Filter>
    </ClCompile>
    <ClCompile Include="src\components\AttackComponent.cpp">
      <Filter>Source Files\components</Filter>
    </ClCompile>
    <ClCompile Include="src\components\BulletComponent.cpp">
      <Filter>Source Files\components</Filter>
    </ClCompile>
    <ClCompile Include="src\components\BulletTower.cpp">
      <Filter>Source Files\components</Filter>
    </ClCompile>
    <ClCompile Include="src\components\DragAndDrop.cpp">
      <Filter>Source Files\components</Filter>
    </ClCompile>
    <ClCompile Include="src\systems\TowerSystem.cpp">
      <Filter>Source Files\systems</Filter>
    </ClCompile>
    <ClCompile Include="src\components\UpgradeTowerComponent.cpp">
      <Filter>Source Files\components</Filter>
    </ClCompile>
    <ClCompile Include="src\systems\MainControlSystem.cpp">
      <Filter>Source Files\systems</Filter>
    </ClCompile>
    <ClCompile Include="src\systems\MainMenuSystem.cpp">
      <Filter>Source Files\systems</Filter>
    </ClCompile>
    <ClCompile Include="src\components\EnhancerTower.cpp">
      <Filter>Source Files\components</Filter>
    </ClCompile>
    <ClCompile Include="src\components\DirtTower.cpp">
      <Filter>Source Files\components</Filter>
    </ClCompile>
    <ClCompile Include="src\components\ButtonComponent.cpp">
      <Filter>Source Files\components</Filter>
    </ClCompile>
    <ClCompile Include="src\components\NexusComponent.cpp">
      <Filter>Source Files\components</Filter>
    </ClCompile>
    <ClCompile Include="src\systems\HUDSystem.cpp">
      <Filter>Source Files\systems</Filter>
    </ClCompile>
    <ClCompile Include="src\components\CrystalTower.cpp">
      <Filter>Source Files\components</Filter>
    </ClCompile>
    <ClCompile Include="src\components\DiegoSniperTower.cpp">
      <Filter>Source Files\components</Filter>
    </ClCompile>
    <ClCompile Include="src\game\GameState.cpp">
      <Filter>Source Files\Game</Filter>
    </ClCompile>
    <ClCompile Include="src\gameStates\GameOverState.cpp">
      <Filter>Source Files\gameStates</Filter>
    </ClCompile>
    <ClCompile Include="src\gameStates\LevelSelectorState.cpp">
      <Filter>Source Files\gameStates</Filter>
    </ClCompile>
    <ClCompile Include="src\gameStates\MainMenuState.cpp">
      <Filter>Source Files\gameStates</Filter>
    </ClCompile>
    <ClCompile Include="src\gameStates\PauseState.cpp">
      <Filter>Source Files\gameStates</Filter>
    </ClCompile>
    <ClCompile Include="src\gameStates\PlayState.cpp">
      <Filter>Source Files\gameStates</Filter>
    </ClCompile>
    <ClCompile Include="src\systems\LevelSelectorSystem.cpp">
      <Filter>Source Files\systems</Filter>
    </ClCompile>
    <ClCompile Include="src\systems\EnemySystem.cpp">
      <Filter>Source Files\systems</Filter>
    </ClCompile>
    <ClCompile Include="src\components\PhoenixTower.cpp">
      <Filter>Source Files\components</Filter>
    </ClCompile>
    <ClCompile Include="src\utils\NetMap.cpp">
      <Filter>Source Files\utils</Filter>
    </ClCompile>
    <ClCompile Include="src\components\FireComponent.cpp">
      <Filter>Source Files\components</Filter>
    </ClCompile>
    <ClCompile Include="src\components\SlimeTowerComponent.cpp">
      <Filter>Source Files\components</Filter>
    </ClCompile>
    <ClCompile Include="src\systems\CollisionSystem.cpp">
      <Filter>Source Files\systems</Filter>
    </ClCompile>
    <ClCompile Include="src\components\SlimeBullet.cpp">
      <Filter>Source Files\components</Filter>
    </ClCompile>
    <ClCompile Include="src\components\BlindComponent.cpp">
      <Filter>Source Files</Filter>
    </ClCompile>
    <ClCompile Include="src\components\TowerStates.cpp">
      <Filter>Source Files\components</Filter>
    </ClCompile>
    <ClCompile Include="src\components\MaestroAlmasComponent.cpp">
      <Filter>Source Files\components</Filter>
    </ClCompile>
    <ClCompile Include="src\components\GolemComponent.cpp">
      <Filter>Source Files\components</Filter>
    </ClCompile>
    <ClCompile Include="C:\hlocal\NineandoCorp\NineandoCorp\ProyectoH\src\components\MensajeroMuerteComponent.cpp">
      <Filter>Source Files</Filter>
    </ClCompile>
  </ItemGroup>
</Project>